// !$*UTF8*$!
{
	archiveVersion = 1;
	classes = {
	};
	objectVersion = 100;
	objects = {

/* Begin PBXBuildFile section */
		8459DDF32FBBC63C008FF482 /* icon-KeepFrame.icon in Resources */ = {isa = PBXBuildFile; fileRef = 8459DDF22FBBC63C008FF482 /* icon-KeepFrame.icon */; };
		8459DE112FBE084B008FF482 /* SessionRecord.swift in Sources */ = {isa = PBXBuildFile; fileRef = 8459DE102FBE084B008FF482 /* SessionRecord.swift */; };
		8459DE132FBE085B008FF482 /* PhotoLibraryService.swift in Sources */ = {isa = PBXBuildFile; fileRef = 8459DE122FBE085B008FF482 /* PhotoLibraryService.swift */; };
		8459DE152FBE086F008FF482 /* SessionHistoryView.swift in Sources */ = {isa = PBXBuildFile; fileRef = 8459DE142FBE086F008FF482 /* SessionHistoryView.swift */; };
		8459DE172FBE0B6E008FF482 /* TrashBinView.swift in Sources */ = {isa = PBXBuildFile; fileRef = 8459DE162FBE0B6E008FF482 /* TrashBinView.swift */; };
		8459DE192FBE12BA008FF482 /* WelcomeView.swift in Sources */ = {isa = PBXBuildFile; fileRef = 8459DE182FBE12BA008FF482 /* WelcomeView.swift */; };
		8459DE1B2FC1A00A008FF482 /* SessionDetailView.swift in Sources */ = {isa = PBXBuildFile; fileRef = 8459DE1A2FC1A00A008FF482 /* SessionDetailView.swift */; };
		849199FE2FE334670038145C /* Untitled.swift in Sources */ = {isa = PBXBuildFile; fileRef = 849199FD2FE334660038145C /* Untitled.swift */; };
		84919A002FE334980038145C /* Localizable.xcstrings in Resources */ = {isa = PBXBuildFile; fileRef = 849199FF2FE334980038145C /* Localizable.xcstrings */; };
		84AB4F2C2FBA3CB400654C65 /* Assets.xcassets in Resources */ = {isa = PBXBuildFile; fileRef = 84AB4F292FBA3CB400654C65 /* Assets.xcassets */; };
		84AB4F2D2FBA3CB400654C65 /* PhotoItem.swift in Sources */ = {isa = PBXBuildFile; fileRef = 84AB4F1E2FBA3CB400654C65 /* PhotoItem.swift */; };
		84AB4F2E2FBA3CB400654C65 /* PhotoDeckViewModel.swift in Sources */ = {isa = PBXBuildFile; fileRef = 84AB4F222FBA3CB400654C65 /* PhotoDeckViewModel.swift */; };
		84AB4F2F2FBA3CB400654C65 /* ActionButton.swift in Sources */ = {isa = PBXBuildFile; fileRef = 84AB4F242FBA3CB400654C65 /* ActionButton.swift */; };
		84AB4F302FBA3CB400654C65 /* KeepFrameView.swift in Sources */ = {isa = PBXBuildFile; fileRef = 84AB4F252FBA3CB400654C65 /* KeepFrameView.swift */; };
		84AB4F312FBA3CB400654C65 /* PolaroidCard.swift in Sources */ = {isa = PBXBuildFile; fileRef = 84AB4F262FBA3CB400654C65 /* PolaroidCard.swift */; };
		84AB4F322FBA3CB400654C65 /* SwipeableCardView.swift in Sources */ = {isa = PBXBuildFile; fileRef = 84AB4F272FBA3CB400654C65 /* SwipeableCardView.swift */; };
		84AB4F332FBA3CB400654C65 /* KeepFrameApp.swift in Sources */ = {isa = PBXBuildFile; fileRef = 84AB4F2A2FBA3CB400654C65 /* KeepFrameApp.swift */; };
/* End PBXBuildFile section */

/* Begin PBXFileReference section */
		8459DDF22FBBC63C008FF482 /* icon-KeepFrame.icon */ = {isa = PBXFileReference; lastKnownFileType = folder.iconcomposer.icon; path = "icon-KeepFrame.icon"; sourceTree = "<group>"; };
		8459DE102FBE084B008FF482 /* SessionRecord.swift */ = {isa = PBXFileReference; lastKnownFileType = sourcecode.swift; path = SessionRecord.swift; sourceTree = "<group>"; };
		8459DE122FBE085B008FF482 /* PhotoLibraryService.swift */ = {isa = PBXFileReference; lastKnownFileType = sourcecode.swift; path = PhotoLibraryService.swift; sourceTree = "<group>"; };
		8459DE142FBE086F008FF482 /* SessionHistoryView.swift */ = {isa = PBXFileReference; lastKnownFileType = sourcecode.swift; path = SessionHistoryView.swift; sourceTree = "<group>"; };
		8459DE162FBE0B6E008FF482 /* TrashBinView.swift */ = {isa = PBXFileReference; lastKnownFileType = sourcecode.swift; path = TrashBinView.swift; sourceTree = "<group>"; };
		8459DE182FBE12BA008FF482 /* WelcomeView.swift */ = {isa = PBXFileReference; lastKnownFileType = sourcecode.swift; path = WelcomeView.swift; sourceTree = "<group>"; };
		8459DE1A2FC1A00A008FF482 /* SessionDetailView.swift */ = {isa = PBXFileReference; lastKnownFileType = sourcecode.swift; path = SessionDetailView.swift; sourceTree = "<group>"; };
		849199FD2FE334660038145C /* Untitled.swift */ = {isa = PBXFileReference; lastKnownFileType = sourcecode.swift; path = Untitled.swift; sourceTree = "<group>"; };
		849199FF2FE334980038145C /* Localizable.xcstrings */ = {isa = PBXFileReference; lastKnownFileType = text.json.xcstrings; path = Localizable.xcstrings; sourceTree = "<group>"; };
		84AB4EE72FB4D6AB00654C65 /* KeepFrame.app */ = {isa = PBXFileReference; explicitFileType = wrapper.application; includeInIndex = 0; path = KeepFrame.app; sourceTree = BUILT_PRODUCTS_DIR; };
		84AB4F1E2FBA3CB400654C65 /* PhotoItem.swift */ = {isa = PBXFileReference; lastKnownFileType = sourcecode.swift; path = PhotoItem.swift; sourceTree = "<group>"; };
		84AB4F222FBA3CB400654C65 /* PhotoDeckViewModel.swift */ = {isa = PBXFileReference; lastKnownFileType = sourcecode.swift; path = PhotoDeckViewModel.swift; sourceTree = "<group>"; };
		84AB4F242FBA3CB400654C65 /* ActionButton.swift */ = {isa = PBXFileReference; lastKnownFileType = sourcecode.swift; path = ActionButton.swift; sourceTree = "<group>"; };
		84AB4F252FBA3CB400654C65 /* KeepFrameView.swift */ = {isa = PBXFileReference; lastKnownFileType = sourcecode.swift; path = KeepFrameView.swift; sourceTree = "<group>"; };
		84AB4F262FBA3CB400654C65 /* PolaroidCard.swift */ = {isa = PBXFileReference; lastKnownFileType = sourcecode.swift; path = PolaroidCard.swift; sourceTree = "<group>"; };
		84AB4F272FBA3CB400654C65 /* SwipeableCardView.swift */ = {isa = PBXFileReference; lastKnownFileType = sourcecode.swift; path = SwipeableCardView.swift; sourceTree = "<group>"; };
		84AB4F292FBA3CB400654C65 /* Assets.xcassets */ = {isa = PBXFileReference; lastKnownFileType = folder.assetcatalog; path = Assets.xcassets; sourceTree = "<group>"; };
		84AB4F2A2FBA3CB400654C65 /* KeepFrameApp.swift */ = {isa = PBXFileReference; lastKnownFileType = sourcecode.swift; path = KeepFrameApp.swift; sourceTree = "<group>"; };
/* End PBXFileReference section */

/* Begin PBXFrameworksBuildPhase section */
		84AB4EE42FB4D6AB00654C65 /* Frameworks */ = {
			isa = PBXFrameworksBuildPhase;
			files = (
			);
		};
/* End PBXFrameworksBuildPhase section */

/* Begin PBXGroup section */
		84AB4EDE2FB4D6AB00654C65 = {
			isa = PBXGroup;
			children = (
				84AB4F2B2FBA3CB400654C65 /* KeepFrame */,
				84AB4EE82FB4D6AB00654C65 /* Products */,
			);
			sourceTree = "<group>";
		};
		84AB4EE82FB4D6AB00654C65 /* Products */ = {
			isa = PBXGroup;
			children = (
				84AB4EE72FB4D6AB00654C65 /* KeepFrame.app */,
			);
			name = Products;
			sourceTree = "<group>";
		};
		84AB4F1D2FBA3CB400654C65 /* Extensions */ = {
			isa = PBXGroup;
			children = (
			);
			path = Extensions;
			sourceTree = "<group>";
		};
		84AB4F1F2FBA3CB400654C65 /* Models */ = {
			isa = PBXGroup;
			children = (
				84AB4F1E2FBA3CB400654C65 /* PhotoItem.swift */,
				8459DE102FBE084B008FF482 /* SessionRecord.swift */,
			);
			path = Models;
			sourceTree = "<group>";
		};
		84AB4F202FBA3CB400654C65 /* Resources */ = {
			isa = PBXGroup;
			children = (
				849199FD2FE334660038145C /* Untitled.swift */,
				84AB4F292FBA3CB400654C65 /* Assets.xcassets */,
				8459DDF22FBBC63C008FF482 /* icon-KeepFrame.icon */,
				849199FF2FE334980038145C /* Localizable.xcstrings */,
			);
			path = Resources;
			sourceTree = "<group>";
		};
		84AB4F212FBA3CB400654C65 /* Services */ = {
			isa = PBXGroup;
			children = (
				8459DE122FBE085B008FF482 /* PhotoLibraryService.swift */,
			);
			path = Services;
			sourceTree = "<group>";
		};
		84AB4F232FBA3CB400654C65 /* ViewModels */ = {
			isa = PBXGroup;
			children = (
				84AB4F222FBA3CB400654C65 /* PhotoDeckViewModel.swift */,
			);
			path = ViewModels;
			sourceTree = "<group>";
		};
		84AB4F282FBA3CB400654C65 /* Views */ = {
			isa = PBXGroup;
			children = (
				84AB4F342FBA3D1600654C65 /* Screens */,
				84AB4F352FBA3D1E00654C65 /* Components */,
			);
			path = Views;
			sourceTree = "<group>";
		};
		84AB4F2B2FBA3CB400654C65 /* KeepFrame */ = {
			isa = PBXGroup;
			children = (
				84AB4F1F2FBA3CB400654C65 /* Models */,
				84AB4F232FBA3CB400654C65 /* ViewModels */,
				84AB4F282FBA3CB400654C65 /* Views */,
				84AB4F1D2FBA3CB400654C65 /* Extensions */,
				84AB4F212FBA3CB400654C65 /* Services */,
				84AB4F202FBA3CB400654C65 /* Resources */,
				84AB4F2A2FBA3CB400654C65 /* KeepFrameApp.swift */,
			);
			path = KeepFrame;
			sourceTree = "<group>";
		};
		84AB4F342FBA3D1600654C65 /* Screens */ = {
			isa = PBXGroup;
			children = (
				84AB4F252FBA3CB400654C65 /* KeepFrameView.swift */,
				8459DE142FBE086F008FF482 /* SessionHistoryView.swift */,
				8459DE1A2FC1A00A008FF482 /* SessionDetailView.swift */,
				84AB4F272FBA3CB400654C65 /* SwipeableCardView.swift */,
				8459DE162FBE0B6E008FF482 /* TrashBinView.swift */,
				8459DE182FBE12BA008FF482 /* WelcomeView.swift */,
			);
			path = Screens;
			sourceTree = "<group>";
		};
		84AB4F352FBA3D1E00654C65 /* Components */ = {
			isa = PBXGroup;
			children = (
				84AB4F262FBA3CB400654C65 /* PolaroidCard.swift */,
				84AB4F242FBA3CB400654C65 /* ActionButton.swift */,
			);
			path = Components;
			sourceTree = "<group>";
		};
/* End PBXGroup section */

/* Begin PBXNativeTarget section */
		84AB4EE62FB4D6AB00654C65 /* KeepFrame */ = {
			isa = PBXNativeTarget;
			buildConfigurationList = 84AB4EF22FB4D6AD00654C65 /* Build configuration list for PBXNativeTarget "KeepFrame" */;
			buildPhases = (
				84AB4EE32FB4D6AB00654C65 /* Sources */,
				84AB4EE42FB4D6AB00654C65 /* Frameworks */,
				84AB4EE52FB4D6AB00654C65 /* Resources */,
			);
			buildRules = (
			);
			name = KeepFrame;
			productName = KeepFrame;
			productReference = 84AB4EE72FB4D6AB00654C65 /* KeepFrame.app */;
			productType = "com.apple.product-type.application";
		};
/* End PBXNativeTarget section */

/* Begin PBXProject section */
		84AB4EDF2FB4D6AB00654C65 /* Project object */ = {
			isa = PBXProject;
			attributes = {
				BuildIndependentTargetsInParallel = 1;
				LastSwiftUpdateCheck = 2650;
				LastUpgradeCheck = 2650;
				TargetAttributes = {
					84AB4EE62FB4D6AB00654C65 = {
						CreatedOnToolsVersion = 26.5;
					};
				};
			};
			buildConfigurationList = 84AB4EE22FB4D6AB00654C65 /* Build configuration list for PBXProject "KeepFrame" */;
			developmentRegion = en;
			hasScannedForEncodings = 0;
			knownRegions = (
				en,
				Base,
				pl,
			);
			mainGroup = 84AB4EDE2FB4D6AB00654C65;
			minimizedProjectReferenceProxies = 1;
			preferredProjectObjectVersion = 100;
			productRefGroup = 84AB4EE82FB4D6AB00654C65 /* Products */;
			projectDirPath = "";
			projectRoot = "";
			targets = (
				84AB4EE62FB4D6AB00654C65 /* KeepFrame */,
			);
		};
/* End PBXProject section */

/* Begin PBXResourcesBuildPhase section */
		84AB4EE52FB4D6AB00654C65 /* Resources */ = {
			isa = PBXResourcesBuildPhase;
			files = (
				8459DDF32FBBC63C008FF482 /* icon-KeepFrame.icon in Resources */,
				84AB4F2C2FBA3CB400654C65 /* Assets.xcassets in Resources */,
				84919A002FE334980038145C /* Localizable.xcstrings in Resources */,
			);
		};
/* End PBXResourcesBuildPhase section */

/* Begin PBXSourcesBuildPhase section */
		84AB4EE32FB4D6AB00654C65 /* Sources */ = {
			isa = PBXSourcesBuildPhase;
			files = (
				8459DE152FBE086F008FF482 /* SessionHistoryView.swift in Sources */,
				8459DE1B2FC1A00A008FF482 /* SessionDetailView.swift in Sources */,
				849199FE2FE334670038145C /* Untitled.swift in Sources */,
				84AB4F2D2FBA3CB400654C65 /* PhotoItem.swift in Sources */,
				8459DE112FBE084B008FF482 /* SessionRecord.swift in Sources */,
				84AB4F2E2FBA3CB400654C65 /* PhotoDeckViewModel.swift in Sources */,
				84AB4F2F2FBA3CB400654C65 /* ActionButton.swift in Sources */,
				84AB4F302FBA3CB400654C65 /* KeepFrameView.swift in Sources */,
				8459DE172FBE0B6E008FF482 /* TrashBinView.swift in Sources */,
				8459DE192FBE12BA008FF482 /* WelcomeView.swift in Sources */,
				84AB4F312FBA3CB400654C65 /* PolaroidCard.swift in Sources */,
				8459DE132FBE085B008FF482 /* PhotoLibraryService.swift in Sources */,
				84AB4F322FBA3CB400654C65 /* SwipeableCardView.swift in Sources */,
				84AB4F332FBA3CB400654C65 /* KeepFrameApp.swift in Sources */,
			);
		};
/* End PBXSourcesBuildPhase section */

/* Begin XCBuildConfiguration section */
		84AB4EF02FB4D6AD00654C65 /* Debug configuration for PBXProject "KeepFrame" */ = {
			isa = XCBuildConfiguration;
			buildSettings = {
				ALWAYS_SEARCH_USER_PATHS = NO;
				ASSETCATALOG_COMPILER_GENERATE_SWIFT_ASSET_SYMBOL_EXTENSIONS = YES;
				CLANG_ANALYZER_NONNULL = YES;
				CLANG_ANALYZER_NUMBER_OBJECT_CONVERSION = YES_AGGRESSIVE;
				CLANG_CXX_LANGUAGE_STANDARD = "gnu++20";
				CLANG_ENABLE_MODULES = YES;
				CLANG_ENABLE_OBJC_ARC = YES;
				CLANG_ENABLE_OBJC_WEAK = YES;
				CLANG_WARN_BLOCK_CAPTURE_AUTORELEASING = YES;
				CLANG_WARN_BOOL_CONVERSION = YES;
				CLANG_WARN_COMMA = YES;
				CLANG_WARN_CONSTANT_CONVERSION = YES;
				CLANG_WARN_DEPRECATED_OBJC_IMPLEMENTATIONS = YES;
				CLANG_WARN_DIRECT_OBJC_ISA_USAGE = YES_ERROR;
				CLANG_WARN_DOCUMENTATION_COMMENTS = YES;
				CLANG_WARN_EMPTY_BODY = YES;
				CLANG_WARN_ENUM_CONVERSION = YES;
				CLANG_WARN_INFINITE_RECURSION = YES;
				CLANG_WARN_INT_CONVERSION = YES;
				CLANG_WARN_NON_LITERAL_NULL_CONVERSION = YES;
				CLANG_WARN_OBJC_IMPLICIT_RETAIN_SELF = YES;
				CLANG_WARN_OBJC_LITERAL_CONVERSION = YES;
				CLANG_WARN_OBJC_ROOT_CLASS = YES_ERROR;
				CLANG_WARN_QUOTED_INCLUDE_IN_FRAMEWORK_HEADER = YES;
				CLANG_WARN_RANGE_LOOP_ANALYSIS = YES;
				CLANG_WARN_STRICT_PROTOTYPES = YES;
				CLANG_WARN_SUSPICIOUS_MOVE = YES;
				CLANG_WARN_UNGUARDED_AVAILABILITY = YES_AGGRESSIVE;
				CLANG_WARN_UNREACHABLE_CODE = YES;
				CLANG_WARN__DUPLICATE_METHOD_MATCH = YES;
				COPY_PHASE_STRIP = NO;
				DEBUG_INFORMATION_FORMAT = dwarf;
				DEVELOPMENT_TEAM = J86JB5864R;
				ENABLE_STRICT_OBJC_MSGSEND = YES;
				ENABLE_TESTABILITY = YES;
				ENABLE_USER_SCRIPT_SANDBOXING = YES;
				GCC_C_LANGUAGE_STANDARD = gnu17;
				GCC_DYNAMIC_NO_PIC = NO;
				GCC_NO_COMMON_BLOCKS = YES;
				GCC_OPTIMIZATION_LEVEL = 0;
				GCC_PREPROCESSOR_DEFINITIONS = (
					"DEBUG=1",
					"$(inherited)",
				);
				GCC_WARN_64_TO_32_BIT_CONVERSION = YES;
				GCC_WARN_ABOUT_RETURN_TYPE = YES_ERROR;
				GCC_WARN_UNDECLARED_SELECTOR = YES;
				GCC_WARN_UNINITIALIZED_AUTOS = YES_AGGRESSIVE;
				GCC_WARN_UNUSED_FUNCTION = YES;
				GCC_WARN_UNUSED_VARIABLE = YES;
				IPHONEOS_DEPLOYMENT_TARGET = 26.5;
				LOCALIZATION_PREFERS_STRING_CATALOGS = YES;
				MTL_ENABLE_DEBUG_INFO = INCLUDE_SOURCE;
				MTL_FAST_MATH = YES;
				ONLY_ACTIVE_ARCH = YES;
				SDKROOT = iphoneos;
				SWIFT_ACTIVE_COMPILATION_CONDITIONS = "DEBUG $(inherited)";
				SWIFT_EMIT_LOC_STRINGS = YES;
				SWIFT_OPTIMIZATION_LEVEL = "-Onone";
			};
			name = Debug;
		};
		84AB4EF12FB4D6AD00654C65 /* Release configuration for PBXProject "KeepFrame" */ = {
			isa = XCBuildConfiguration;
			buildSettings = {
				ALWAYS_SEARCH_USER_PATHS = NO;
				ASSETCATALOG_COMPILER_GENERATE_SWIFT_ASSET_SYMBOL_EXTENSIONS = YES;
				CLANG_ANALYZER_NONNULL = YES;
				CLANG_ANALYZER_NUMBER_OBJECT_CONVERSION = YES_AGGRESSIVE;
				CLANG_CXX_LANGUAGE_STANDARD = "gnu++20";
				CLANG_ENABLE_MODULES = YES;
				CLANG_ENABLE_OBJC_ARC = YES;
				CLANG_ENABLE_OBJC_WEAK = YES;
				CLANG_WARN_BLOCK_CAPTURE_AUTORELEASING = YES;
				CLANG_WARN_BOOL_CONVERSION = YES;
				CLANG_WARN_COMMA = YES;
				CLANG_WARN_CONSTANT_CONVERSION = YES;
				CLANG_WARN_DEPRECATED_OBJC_IMPLEMENTATIONS = YES;
				CLANG_WARN_DIRECT_OBJC_ISA_USAGE = YES_ERROR;
				CLANG_WARN_DOCUMENTATION_COMMENTS = YES;
				CLANG_WARN_EMPTY_BODY = YES;
				CLANG_WARN_ENUM_CONVERSION = YES;
				CLANG_WARN_INFINITE_RECURSION = YES;
				CLANG_WARN_INT_CONVERSION = YES;
				CLANG_WARN_NON_LITERAL_NULL_CONVERSION = YES;
				CLANG_WARN_OBJC_IMPLICIT_RETAIN_SELF = YES;
				CLANG_WARN_OBJC_LITERAL_CONVERSION = YES;
				CLANG_WARN_OBJC_ROOT_CLASS = YES_ERROR;
				CLANG_WARN_QUOTED_INCLUDE_IN_FRAMEWORK_HEADER = YES;
				CLANG_WARN_RANGE_LOOP_ANALYSIS = YES;
				CLANG_WARN_STRICT_PROTOTYPES = YES;
				CLANG_WARN_SUSPICIOUS_MOVE = YES;
				CLANG_WARN_UNGUARDED_AVAILABILITY = YES_AGGRESSIVE;
				CLANG_WARN_UNREACHABLE_CODE = YES;
				CLANG_WARN__DUPLICATE_METHOD_MATCH = YES;
				COPY_PHASE_STRIP = NO;
				DEBUG_INFORMATION_FORMAT = "dwarf-with-dsym";
				DEVELOPMENT_TEAM = J86JB5864R;
				ENABLE_NS_ASSERTIONS = NO;
				ENABLE_STRICT_OBJC_MSGSEND = YES;
				ENABLE_USER_SCRIPT_SANDBOXING = YES;
				GCC_C_LANGUAGE_STANDARD = gnu17;
				GCC_NO_COMMON_BLOCKS = YES;
				GCC_WARN_64_TO_32_BIT_CONVERSION = YES;
				GCC_WARN_ABOUT_RETURN_TYPE = YES_ERROR;
				GCC_WARN_UNDECLARED_SELECTOR = YES;
				GCC_WARN_UNINITIALIZED_AUTOS = YES_AGGRESSIVE;
				GCC_WARN_UNUSED_FUNCTION = YES;
				GCC_WARN_UNUSED_VARIABLE = YES;
				IPHONEOS_DEPLOYMENT_TARGET = 26.5;
				LOCALIZATION_PREFERS_STRING_CATALOGS = YES;
				MTL_ENABLE_DEBUG_INFO = NO;
				MTL_FAST_MATH = YES;
				SDKROOT = iphoneos;
				SWIFT_COMPILATION_MODE = wholemodule;
				SWIFT_EMIT_LOC_STRINGS = YES;
				VALIDATE_PRODUCT = YES;
			};
			name = Release;
		};
		84AB4EF32FB4D6AD00654C65 /* Debug configuration for PBXNativeTarget "KeepFrame" */ = {
			isa = XCBuildConfiguration;
			buildSettings = {
				ASSETCATALOG_COMPILER_APPICON_NAME = "icon-KeepFrame";
				ASSETCATALOG_COMPILER_GLOBAL_ACCENT_COLOR_NAME = AccentColor;
				ASSETCATALOG_COMPILER_INCLUDE_ALL_APPICON_ASSETS = YES;
				CODE_SIGN_STYLE = Automatic;
				CURRENT_PROJECT_VERSION = 1;
				DEVELOPMENT_TEAM = J86JB5864R;
				ENABLE_PREVIEWS = YES;
				GENERATE_INFOPLIST_FILE = YES;
				INFOPLIST_FILE = KeepFrame/Info.plist;
				INFOPLIST_KEY_NSPhotoLibraryUsageDescription = "KeepFrame potrzebuje dostępu do zdjęć, aby pomóc Ci je przeglądać i porządkować.";
				INFOPLIST_KEY_UIApplicationSceneManifest_Generation = YES;
				INFOPLIST_KEY_UIApplicationSupportsIndirectInputEvents = YES;
				INFOPLIST_KEY_UISupportedInterfaceOrientations = UIInterfaceOrientationPortrait;
				INFOPLIST_KEY_UISupportedInterfaceOrientations_iPad = "UIInterfaceOrientationLandscapeLeft UIInterfaceOrientationLandscapeRight UIInterfaceOrientationPortrait UIInterfaceOrientationPortraitUpsideDown";
				IPHONEOS_DEPLOYMENT_TARGET = 26.0;
				LD_RUNPATH_SEARCH_PATHS = (
					"$(inherited)",
					"@executable_path/Frameworks",
				);
				MARKETING_VERSION = 1.0;
				PRODUCT_BUNDLE_IDENTIFIER = pl.patrykneubauer.KeepFrame;
				PRODUCT_NAME = "$(TARGET_NAME)";
				STRING_CATALOG_GENERATE_SYMBOLS = YES;
				SWIFT_APPROACHABLE_CONCURRENCY = YES;
				SWIFT_DEFAULT_ACTOR_ISOLATION = MainActor;
				SWIFT_EMIT_LOC_STRINGS = YES;
				SWIFT_UPCOMING_FEATURE_MEMBER_IMPORT_VISIBILITY = YES;
				SWIFT_VERSION = 5.0;
				TARGETED_DEVICE_FAMILY = "1,2";
			};
			name = Debug;
		};
		84AB4EF42FB4D6AD00654C65 /* Release configuration for PBXNativeTarget "KeepFrame" */ = {
			isa = XCBuildConfiguration;
			buildSettings = {
				ASSETCATALOG_COMPILER_APPICON_NAME = "icon-KeepFrame";
				ASSETCATALOG_COMPILER_GLOBAL_ACCENT_COLOR_NAME = AccentColor;
				ASSETCATALOG_COMPILER_INCLUDE_ALL_APPICON_ASSETS = YES;
				CODE_SIGN_STYLE = Automatic;
				CURRENT_PROJECT_VERSION = 1;
				DEVELOPMENT_TEAM = J86JB5864R;
				ENABLE_PREVIEWS = YES;
				GENERATE_INFOPLIST_FILE = YES;
				INFOPLIST_FILE = KeepFrame/Info.plist;
				INFOPLIST_KEY_NSPhotoLibraryUsageDescription = "KeepFrame potrzebuje dostępu do zdjęć, aby pomóc Ci je przeglądać i porządkować.";
				INFOPLIST_KEY_UIApplicationSceneManifest_Generation = YES;
				INFOPLIST_KEY_UIApplicationSupportsIndirectInputEvents = YES;
				INFOPLIST_KEY_UISupportedInterfaceOrientations = UIInterfaceOrientationPortrait;
				INFOPLIST_KEY_UISupportedInterfaceOrientations_iPad = "UIInterfaceOrientationLandscapeLeft UIInterfaceOrientationLandscapeRight UIInterfaceOrientationPortrait UIInterfaceOrientationPortraitUpsideDown";
				IPHONEOS_DEPLOYMENT_TARGET = 26.0;
				LD_RUNPATH_SEARCH_PATHS = (
					"$(inherited)",
					"@executable_path/Frameworks",
				);
				MARKETING_VERSION = 1.0;
				PRODUCT_BUNDLE_IDENTIFIER = pl.patrykneubauer.KeepFrame;
				PRODUCT_NAME = "$(TARGET_NAME)";
				STRING_CATALOG_GENERATE_SYMBOLS = YES;
				SWIFT_APPROACHABLE_CONCURRENCY = YES;
				SWIFT_DEFAULT_ACTOR_ISOLATION = MainActor;
				SWIFT_EMIT_LOC_STRINGS = YES;
				SWIFT_UPCOMING_FEATURE_MEMBER_IMPORT_VISIBILITY = YES;
				SWIFT_VERSION = 5.0;
				TARGETED_DEVICE_FAMILY = "1,2";
			};
			name = Release;
		};
/* End XCBuildConfiguration section */

/* Begin XCConfigurationList section */
		84AB4EE22FB4D6AB00654C65 /* Build configuration list for PBXProject "KeepFrame" */ = {
			isa = XCConfigurationList;
			buildConfigurations = (
				84AB4EF02FB4D6AD00654C65 /* Debug configuration for PBXProject "KeepFrame" */,
				84AB4EF12FB4D6AD00654C65 /* Release configuration for PBXProject "KeepFrame" */,
			);
			defaultConfigurationName = Release;
		};
		84AB4EF22FB4D6AD00654C65 /* Build configuration list for PBXNativeTarget "KeepFrame" */ = {
			isa = XCConfigurationList;
			buildConfigurations = (
				84AB4EF32FB4D6AD00654C65 /* Debug configuration for PBXNativeTarget "KeepFrame" */,
				84AB4EF42FB4D6AD00654C65 /* Release configuration for PBXNativeTarget "KeepFrame" */,
			);
			defaultConfigurationName = Release;
		};
/* End XCConfigurationList section */
	};
	rootObject = 84AB4EDF2FB4D6AB00654C65 /* Project object */;
}
